PODS:
  - FSCalendar (1.7.0)
  - Realm (0.96.2):
    - Realm/Headers (= 0.96.2)
  - Realm/Headers (0.96.2)

DEPENDENCIES:
  - FSCalendar (~> 1.7)
  - Realm (~> 0.96)

SPEC CHECKSUMS:
  FSCalendar: ee727a0db4e915a606813ba9e87522ba59920b25
  Realm: 3ce8448151c571e90b85002d984d7f93f54fc8a3

COCOAPODS: 0.39.0
