// !$*UTF8*$!
{
	archiveVersion = 1;
	classes = {
	};
	objectVersion = 46;
	objects = {

/* Begin PBXBuildFile section */
		03B551E2113C4EEAD66CD5A6 /* Pods.framework in Frameworks */ = {isa = PBXBuildFile; fileRef = 0B0E4BCD6721A36AC0FF04DA /* Pods.framework */; };
		1376A5F11C09EDE0000AA652 /* newsFeed.json in Resources */ = {isa = PBXBuildFile; fileRef = 1376A5ED1C09EDE0000AA652 /* newsFeed.json */; };
		1376A5F21C09EDE0000AA652 /* sessionsFeed.json in Resources */ = {isa = PBXBuildFile; fileRef = 1376A5EE1C09EDE0000AA652 /* sessionsFeed.json */; };
		1376A5F31C09EDE0000AA652 /* teachersFeed.json in Resources */ = {isa = PBXBuildFile; fileRef = 1376A5EF1C09EDE0000AA652 /* teachersFeed.json */; };
		1376A5F61C09EE67000AA652 /* SessionModel.swift in Sources */ = {isa = PBXBuildFile; fileRef = 1376A5F51C09EE67000AA652 /* SessionModel.swift */; };
		1376A5F81C09EF71000AA652 /* TeacherModel.swift in Sources */ = {isa = PBXBuildFile; fileRef = 1376A5F71C09EF71000AA652 /* TeacherModel.swift */; };
		1376A5FA1C09F1C2000AA652 /* SessionsViewController.swift in Sources */ = {isa = PBXBuildFile; fileRef = 1376A5F91C09F1C2000AA652 /* SessionsViewController.swift */; };
		1376A5FC1C09F1CE000AA652 /* DayViewController.swift in Sources */ = {isa = PBXBuildFile; fileRef = 1376A5FB1C09F1CE000AA652 /* DayViewController.swift */; };
		139595491C1481E500F43523 /* SportModel.swift in Sources */ = {isa = PBXBuildFile; fileRef = 139595481C1481E500F43523 /* SportModel.swift */; };
		139A94701C143CDD00CF754A /* sportsFeed.json in Resources */ = {isa = PBXBuildFile; fileRef = 139A946F1C143CDD00CF754A /* sportsFeed.json */; };
		13A6B1D11C131FC800F93232 /* FormaterManager.swift in Sources */ = {isa = PBXBuildFile; fileRef = 13A6B1D01C131FC800F93232 /* FormaterManager.swift */; };
		13A6B1D91C13A24A00F93232 /* SessionTableViewCell.swift in Sources */ = {isa = PBXBuildFile; fileRef = 13A6B1D71C13A24A00F93232 /* SessionTableViewCell.swift */; };
		13A6B1DA1C13A24A00F93232 /* SessionTableViewCell.xib in Resources */ = {isa = PBXBuildFile; fileRef = 13A6B1D81C13A24A00F93232 /* SessionTableViewCell.xib */; };
		13CF0E0F1C09ECC100715454 /* AppDelegate.swift in Sources */ = {isa = PBXBuildFile; fileRef = 13CF0E0E1C09ECC100715454 /* AppDelegate.swift */; };
		13CF0E141C09ECC100715454 /* Main.storyboard in Resources */ = {isa = PBXBuildFile; fileRef = 13CF0E121C09ECC100715454 /* Main.storyboard */; };
		13CF0E161C09ECC100715454 /* Assets.xcassets in Resources */ = {isa = PBXBuildFile; fileRef = 13CF0E151C09ECC100715454 /* Assets.xcassets */; };
		13CF0E191C09ECC100715454 /* LaunchScreen.storyboard in Resources */ = {isa = PBXBuildFile; fileRef = 13CF0E171C09ECC100715454 /* LaunchScreen.storyboard */; };
		13D0242F1C148F9300A977AC /* SessionObject.swift in Sources */ = {isa = PBXBuildFile; fileRef = 13D0242E1C148F9300A977AC /* SessionObject.swift */; };
		13D024311C14900C00A977AC /* SessionManager.swift in Sources */ = {isa = PBXBuildFile; fileRef = 13D024301C14900C00A977AC /* SessionManager.swift */; };
		13E68F561C0B8B6A00CDCDD0 /* RealmManager.swift in Sources */ = {isa = PBXBuildFile; fileRef = 13E68F551C0B8B6A00CDCDD0 /* RealmManager.swift */; };
/* End PBXBuildFile section */

/* Begin PBXFileReference section */
		0B0E4BCD6721A36AC0FF04DA /* Pods.framework */ = {isa = PBXFileReference; explicitFileType = wrapper.framework; includeInIndex = 0; path = Pods.framework; sourceTree = BUILT_PRODUCTS_DIR; };
		1376A5ED1C09EDE0000AA652 /* newsFeed.json */ = {isa = PBXFileReference; fileEncoding = 4; lastKnownFileType = text.json; path = newsFeed.json; sourceTree = "<group>"; };
		1376A5EE1C09EDE0000AA652 /* sessionsFeed.json */ = {isa = PBXFileReference; fileEncoding = 4; lastKnownFileType = text.json; path = sessionsFeed.json; sourceTree = "<group>"; };
		1376A5EF1C09EDE0000AA652 /* teachersFeed.json */ = {isa = PBXFileReference; fileEncoding = 4; lastKnownFileType = text.json; path = teachersFeed.json; sourceTree = "<group>"; };
		1376A5F51C09EE67000AA652 /* SessionModel.swift */ = {isa = PBXFileReference; fileEncoding = 4; lastKnownFileType = sourcecode.swift; path = SessionModel.swift; sourceTree = "<group>"; };
		1376A5F71C09EF71000AA652 /* TeacherModel.swift */ = {isa = PBXFileReference; fileEncoding = 4; lastKnownFileType = sourcecode.swift; path = TeacherModel.swift; sourceTree = "<group>"; };
		1376A5F91C09F1C2000AA652 /* SessionsViewController.swift */ = {isa = PBXFileReference; fileEncoding = 4; lastKnownFileType = sourcecode.swift; path = SessionsViewController.swift; sourceTree = "<group>"; };
		1376A5FB1C09F1CE000AA652 /* DayViewController.swift */ = {isa = PBXFileReference; fileEncoding = 4; lastKnownFileType = sourcecode.swift; path = DayViewController.swift; sourceTree = "<group>"; };
		139595481C1481E500F43523 /* SportModel.swift */ = {isa = PBXFileReference; fileEncoding = 4; lastKnownFileType = sourcecode.swift; path = SportModel.swift; sourceTree = "<group>"; };
		139A946F1C143CDD00CF754A /* sportsFeed.json */ = {isa = PBXFileReference; fileEncoding = 4; lastKnownFileType = text.json; path = sportsFeed.json; sourceTree = "<group>"; };
		13A6B1D01C131FC800F93232 /* FormaterManager.swift */ = {isa = PBXFileReference; fileEncoding = 4; lastKnownFileType = sourcecode.swift; path = FormaterManager.swift; sourceTree = "<group>"; };
		13A6B1D71C13A24A00F93232 /* SessionTableViewCell.swift */ = {isa = PBXFileReference; fileEncoding = 4; lastKnownFileType = sourcecode.swift; path = SessionTableViewCell.swift; sourceTree = "<group>"; };
		13A6B1D81C13A24A00F93232 /* SessionTableViewCell.xib */ = {isa = PBXFileReference; fileEncoding = 4; lastKnownFileType = file.xib; path = SessionTableViewCell.xib; sourceTree = "<group>"; };
		13CF0E0B1C09ECC100715454 /* myGymSwift.app */ = {isa = PBXFileReference; explicitFileType = wrapper.application; includeInIndex = 0; path = myGymSwift.app; sourceTree = BUILT_PRODUCTS_DIR; };
		13CF0E0E1C09ECC100715454 /* AppDelegate.swift */ = {isa = PBXFileReference; lastKnownFileType = sourcecode.swift; path = AppDelegate.swift; sourceTree = "<group>"; };
		13CF0E131C09ECC100715454 /* Base */ = {isa = PBXFileReference; lastKnownFileType = file.storyboard; name = Base; path = Base.lproj/Main.storyboard; sourceTree = "<group>"; };
		13CF0E151C09ECC100715454 /* Assets.xcassets */ = {isa = PBXFileReference; lastKnownFileType = folder.assetcatalog; path = Assets.xcassets; sourceTree = "<group>"; };
		13CF0E181C09ECC100715454 /* Base */ = {isa = PBXFileReference; lastKnownFileType = file.storyboard; name = Base; path = Base.lproj/LaunchScreen.storyboard; sourceTree = "<group>"; };
		13CF0E1A1C09ECC100715454 /* Info.plist */ = {isa = PBXFileReference; lastKnownFileType = text.plist.xml; path = Info.plist; sourceTree = "<group>"; };
		13D0242E1C148F9300A977AC /* SessionObject.swift */ = {isa = PBXFileReference; fileEncoding = 4; lastKnownFileType = sourcecode.swift; path = SessionObject.swift; sourceTree = "<group>"; };
		13D024301C14900C00A977AC /* SessionManager.swift */ = {isa = PBXFileReference; fileEncoding = 4; lastKnownFileType = sourcecode.swift; path = SessionManager.swift; sourceTree = "<group>"; };
		13E68F551C0B8B6A00CDCDD0 /* RealmManager.swift */ = {isa = PBXFileReference; fileEncoding = 4; lastKnownFileType = sourcecode.swift; path = RealmManager.swift; sourceTree = "<group>"; };
		5364A31A3A4D8D2E0EEFE8FA /* Pods.debug.xcconfig */ = {isa = PBXFileReference; includeInIndex = 1; lastKnownFileType = text.xcconfig; name = Pods.debug.xcconfig; path = "Pods/Target Support Files/Pods/Pods.debug.xcconfig"; sourceTree = "<group>"; };
		624491330B4D7EBF762ECC2D /* Pods.release.xcconfig */ = {isa = PBXFileReference; includeInIndex = 1; lastKnownFileType = text.xcconfig; name = Pods.release.xcconfig; path = "Pods/Target Support Files/Pods/Pods.release.xcconfig"; sourceTree = "<group>"; };
/* End PBXFileReference section */

/* Begin PBXFrameworksBuildPhase section */
		13CF0E081C09ECC100715454 /* Frameworks */ = {
			isa = PBXFrameworksBuildPhase;
			buildActionMask = 2147483647;
			files = (
				03B551E2113C4EEAD66CD5A6 /* Pods.framework in Frameworks */,
			);
			runOnlyForDeploymentPostprocessing = 0;
		};
/* End PBXFrameworksBuildPhase section */

/* Begin PBXGroup section */
		0396C9D8A1EE4702C408861A /* Pods */ = {
			isa = PBXGroup;
			children = (
				5364A31A3A4D8D2E0EEFE8FA /* Pods.debug.xcconfig */,
				624491330B4D7EBF762ECC2D /* Pods.release.xcconfig */,
			);
			name = Pods;
			sourceTree = "<group>";
		};
		1376A5E61C09ED88000AA652 /* RealmModels */ = {
			isa = PBXGroup;
			children = (
				1376A5F51C09EE67000AA652 /* SessionModel.swift */,
				1376A5F71C09EF71000AA652 /* TeacherModel.swift */,
				139595481C1481E500F43523 /* SportModel.swift */,
			);
			name = RealmModels;
			sourceTree = "<group>";
		};
		1376A5E71C09ED98000AA652 /* TableViewControllers */ = {
			isa = PBXGroup;
			children = (
			);
			name = TableViewControllers;
			sourceTree = "<group>";
		};
		1376A5E81C09EDA7000AA652 /* ViewControllers */ = {
			isa = PBXGroup;
			children = (
				1376A5F91C09F1C2000AA652 /* SessionsViewController.swift */,
				1376A5FB1C09F1CE000AA652 /* DayViewController.swift */,
			);
			name = ViewControllers;
			sourceTree = "<group>";
		};
		1376A5E91C09EDBA000AA652 /* Cells */ = {
			isa = PBXGroup;
			children = (
				13A6B1D71C13A24A00F93232 /* SessionTableViewCell.swift */,
				13A6B1D81C13A24A00F93232 /* SessionTableViewCell.xib */,
			);
			name = Cells;
			sourceTree = "<group>";
		};
		1376A5EA1C09EDC0000AA652 /* Constans */ = {
			isa = PBXGroup;
			children = (
			);
			name = Constans;
			sourceTree = "<group>";
		};
		1376A5EB1C09EDC7000AA652 /* Managers */ = {
			isa = PBXGroup;
			children = (
				13A6B1D01C131FC800F93232 /* FormaterManager.swift */,
				13E68F551C0B8B6A00CDCDD0 /* RealmManager.swift */,
				13D024301C14900C00A977AC /* SessionManager.swift */,
			);
			name = Managers;
			sourceTree = "<group>";
		};
		1376A5EC1C09EDCF000AA652 /* Stubs */ = {
			isa = PBXGroup;
			children = (
				139A946F1C143CDD00CF754A /* sportsFeed.json */,
				1376A5ED1C09EDE0000AA652 /* newsFeed.json */,
				1376A5EE1C09EDE0000AA652 /* sessionsFeed.json */,
				1376A5EF1C09EDE0000AA652 /* teachersFeed.json */,
			);
			name = Stubs;
			sourceTree = "<group>";
		};
		13A6B1D61C13A0C200F93232 /* StoryBoards */ = {
			isa = PBXGroup;
			children = (
				13CF0E121C09ECC100715454 /* Main.storyboard */,
				13CF0E171C09ECC100715454 /* LaunchScreen.storyboard */,
			);
			name = StoryBoards;
			sourceTree = "<group>";
		};
		13CF0E021C09ECC100715454 = {
			isa = PBXGroup;
			children = (
				13CF0E0D1C09ECC100715454 /* myGymSwift */,
				13CF0E0C1C09ECC100715454 /* Products */,
				0396C9D8A1EE4702C408861A /* Pods */,
				8BAEF0186558D58525B085E9 /* Frameworks */,
			);
			sourceTree = "<group>";
		};
		13CF0E0C1C09ECC100715454 /* Products */ = {
			isa = PBXGroup;
			children = (
				13CF0E0B1C09ECC100715454 /* myGymSwift.app */,
			);
			name = Products;
			sourceTree = "<group>";
		};
		13CF0E0D1C09ECC100715454 /* myGymSwift */ = {
			isa = PBXGroup;
			children = (
				1376A5E61C09ED88000AA652 /* RealmModels */,
				1376A5EC1C09EDCF000AA652 /* Stubs */,
				1376A5EB1C09EDC7000AA652 /* Managers */,
				1376A5EA1C09EDC0000AA652 /* Constans */,
				13D0242D1C148F4800A977AC /* Objects */,
				1376A5E91C09EDBA000AA652 /* Cells */,
				1376A5E81C09EDA7000AA652 /* ViewControllers */,
				1376A5E71C09ED98000AA652 /* TableViewControllers */,
				13A6B1D61C13A0C200F93232 /* StoryBoards */,
				13CF0E0E1C09ECC100715454 /* AppDelegate.swift */,
				13CF0E151C09ECC100715454 /* Assets.xcassets */,
				13CF0E1A1C09ECC100715454 /* Info.plist */,
			);
			path = myGymSwift;
			sourceTree = "<group>";
		};
		13D0242D1C148F4800A977AC /* Objects */ = {
			isa = PBXGroup;
			children = (
				13D0242E1C148F9300A977AC /* SessionObject.swift */,
			);
			name = Objects;
			sourceTree = "<group>";
		};
		8BAEF0186558D58525B085E9 /* Frameworks */ = {
			isa = PBXGroup;
			children = (
				0B0E4BCD6721A36AC0FF04DA /* Pods.framework */,
			);
			name = Frameworks;
			sourceTree = "<group>";
		};
/* End PBXGroup section */

/* Begin PBXNativeTarget section */
		13CF0E0A1C09ECC100715454 /* myGymSwift */ = {
			isa = PBXNativeTarget;
			buildConfigurationList = 13CF0E1D1C09ECC100715454 /* Build configuration list for PBXNativeTarget "myGymSwift" */;
			buildPhases = (
				1BFDBF5F5F28009CBA20BF26 /* Check Pods Manifest.lock */,
				13CF0E071C09ECC100715454 /* Sources */,
				13CF0E081C09ECC100715454 /* Frameworks */,
				13CF0E091C09ECC100715454 /* Resources */,
				2041BF01C808DD025F9EECE1 /* Embed Pods Frameworks */,
				75ED15AB0F5F950D4FAC1CDC /* Copy Pods Resources */,
			);
			buildRules = (
			);
			dependencies = (
			);
			name = myGymSwift;
			productName = myGymSwift;
			productReference = 13CF0E0B1C09ECC100715454 /* myGymSwift.app */;
			productType = "com.apple.product-type.application";
		};
/* End PBXNativeTarget section */

/* Begin PBXProject section */
		13CF0E031C09ECC100715454 /* Project object */ = {
			isa = PBXProject;
			attributes = {
				LastSwiftUpdateCheck = 0710;
				LastUpgradeCheck = 0710;
				ORGANIZATIONNAME = "julien gimenez";
				TargetAttributes = {
					13CF0E0A1C09ECC100715454 = {
						CreatedOnToolsVersion = 7.1.1;
					};
				};
			};
			buildConfigurationList = 13CF0E061C09ECC100715454 /* Build configuration list for PBXProject "myGymSwift" */;
			compatibilityVersion = "Xcode 3.2";
			developmentRegion = English;
			hasScannedForEncodings = 0;
			knownRegions = (
				en,
				Base,
			);
			mainGroup = 13CF0E021C09ECC100715454;
			productRefGroup = 13CF0E0C1C09ECC100715454 /* Products */;
			projectDirPath = "";
			projectRoot = "";
			targets = (
				13CF0E0A1C09ECC100715454 /* myGymSwift */,
			);
		};
/* End PBXProject section */

/* Begin PBXResourcesBuildPhase section */
		13CF0E091C09ECC100715454 /* Resources */ = {
			isa = PBXResourcesBuildPhase;
			buildActionMask = 2147483647;
			files = (
				1376A5F21C09EDE0000AA652 /* sessionsFeed.json in Resources */,
				13CF0E191C09ECC100715454 /* LaunchScreen.storyboard in Resources */,
				1376A5F31C09EDE0000AA652 /* teachersFeed.json in Resources */,
				139A94701C143CDD00CF754A /* sportsFeed.json in Resources */,
				13CF0E161C09ECC100715454 /* Assets.xcassets in Resources */,
				1376A5F11C09EDE0000AA652 /* newsFeed.json in Resources */,
				13CF0E141C09ECC100715454 /* Main.storyboard in Resources */,
				13A6B1DA1C13A24A00F93232 /* SessionTableViewCell.xib in Resources */,
			);
			runOnlyForDeploymentPostprocessing = 0;
		};
/* End PBXResourcesBuildPhase section */

/* Begin PBXShellScriptBuildPhase section */
		1BFDBF5F5F28009CBA20BF26 /* Check Pods Manifest.lock */ = {
			isa = PBXShellScriptBuildPhase;
			buildActionMask = 2147483647;
			files = (
			);
			inputPaths = (
			);
			name = "Check Pods Manifest.lock";
			outputPaths = (
			);
			runOnlyForDeploymentPostprocessing = 0;
			shellPath = /bin/sh;
			shellScript = "diff \"${PODS_ROOT}/../Podfile.lock\" \"${PODS_ROOT}/Manifest.lock\" > /dev/null\nif [[ $? != 0 ]] ; then\n    cat << EOM\nerror: The sandbox is not in sync with the Podfile.lock. Run 'pod install' or update your CocoaPods installation.\nEOM\n    exit 1\nfi\n";
			showEnvVarsInLog = 0;
		};
		2041BF01C808DD025F9EECE1 /* Embed Pods Frameworks */ = {
			isa = PBXShellScriptBuildPhase;
			buildActionMask = 2147483647;
			files = (
			);
			inputPaths = (
			);
			name = "Embed Pods Frameworks";
			outputPaths = (
			);
			runOnlyForDeploymentPostprocessing = 0;
			shellPath = /bin/sh;
			shellScript = "\"${SRCROOT}/Pods/Target Support Files/Pods/Pods-frameworks.sh\"\n";
			showEnvVarsInLog = 0;
		};
		75ED15AB0F5F950D4FAC1CDC /* Copy Pods Resources */ = {
			isa = PBXShellScriptBuildPhase;
			buildActionMask = 2147483647;
			files = (
			);
			inputPaths = (
			);
			name = "Copy Pods Resources";
			outputPaths = (
			);
			runOnlyForDeploymentPostprocessing = 0;
			shellPath = /bin/sh;
			shellScript = "\"${SRCROOT}/Pods/Target Support Files/Pods/Pods-resources.sh\"\n";
			showEnvVarsInLog = 0;
		};
/* End PBXShellScriptBuildPhase section */

/* Begin PBXSourcesBuildPhase section */
		13CF0E071C09ECC100715454 /* Sources */ = {
			isa = PBXSourcesBuildPhase;
			buildActionMask = 2147483647;
			files = (
				1376A5FA1C09F1C2000AA652 /* SessionsViewController.swift in Sources */,
				13E68F561C0B8B6A00CDCDD0 /* RealmManager.swift in Sources */,
				13A6B1D11C131FC800F93232 /* FormaterManager.swift in Sources */,
				13D0242F1C148F9300A977AC /* SessionObject.swift in Sources */,
				13CF0E0F1C09ECC100715454 /* AppDelegate.swift in Sources */,
				13A6B1D91C13A24A00F93232 /* SessionTableViewCell.swift in Sources */,
				1376A5F81C09EF71000AA652 /* TeacherModel.swift in Sources */,
				139595491C1481E500F43523 /* SportModel.swift in Sources */,
				1376A5F61C09EE67000AA652 /* SessionModel.swift in Sources */,
				1376A5FC1C09F1CE000AA652 /* DayViewController.swift in Sources */,
				13D024311C14900C00A977AC /* SessionManager.swift in Sources */,
			);
			runOnlyForDeploymentPostprocessing = 0;
		};
/* End PBXSourcesBuildPhase section */

/* Begin PBXVariantGroup section */
		13CF0E121C09ECC100715454 /* Main.storyboard */ = {
			isa = PBXVariantGroup;
			children = (
				13CF0E131C09ECC100715454 /* Base */,
			);
			name = Main.storyboard;
			sourceTree = "<group>";
		};
		13CF0E171C09ECC100715454 /* LaunchScreen.storyboard */ = {
			isa = PBXVariantGroup;
			children = (
				13CF0E181C09ECC100715454 /* Base */,
			);
			name = LaunchScreen.storyboard;
			sourceTree = "<group>";
		};
/* End PBXVariantGroup section */

/* Begin XCBuildConfiguration section */
		13CF0E1B1C09ECC100715454 /* Debug */ = {
			isa = XCBuildConfiguration;
			buildSettings = {
				ALWAYS_SEARCH_USER_PATHS = NO;
				CLANG_CXX_LANGUAGE_STANDARD = "gnu++0x";
				CLANG_CXX_LIBRARY = "libc++";
				CLANG_ENABLE_MODULES = YES;
				CLANG_ENABLE_OBJC_ARC = YES;
				CLANG_WARN_BOOL_CONVERSION = YES;
				CLANG_WARN_CONSTANT_CONVERSION = YES;
				CLANG_WARN_DIRECT_OBJC_ISA_USAGE = YES_ERROR;
				CLANG_WARN_EMPTY_BODY = YES;
				CLANG_WARN_ENUM_CONVERSION = YES;
				CLANG_WARN_INT_CONVERSION = YES;
				CLANG_WARN_OBJC_ROOT_CLASS = YES_ERROR;
				CLANG_WARN_UNREACHABLE_CODE = YES;
				CLANG_WARN__DUPLICATE_METHOD_MATCH = YES;
				"CODE_SIGN_IDENTITY[sdk=iphoneos*]" = "iPhone Developer";
				COPY_PHASE_STRIP = NO;
				DEBUG_INFORMATION_FORMAT = dwarf;
				ENABLE_STRICT_OBJC_MSGSEND = YES;
				ENABLE_TESTABILITY = YES;
				GCC_C_LANGUAGE_STANDARD = gnu99;
				GCC_DYNAMIC_NO_PIC = NO;
				GCC_NO_COMMON_BLOCKS = YES;
				GCC_OPTIMIZATION_LEVEL = 0;
				GCC_PREPROCESSOR_DEFINITIONS = (
					"DEBUG=1",
					"$(inherited)",
				);
				GCC_WARN_64_TO_32_BIT_CONVERSION = YES;
				GCC_WARN_ABOUT_RETURN_TYPE = YES_ERROR;
				GCC_WARN_UNDECLARED_SELECTOR = YES;
				GCC_WARN_UNINITIALIZED_AUTOS = YES_AGGRESSIVE;
				GCC_WARN_UNUSED_FUNCTION = YES;
				GCC_WARN_UNUSED_VARIABLE = YES;
				IPHONEOS_DEPLOYMENT_TARGET = 9.1;
				MTL_ENABLE_DEBUG_INFO = YES;
				ONLY_ACTIVE_ARCH = YES;
				SDKROOT = iphoneos;
				SWIFT_OPTIMIZATION_LEVEL = "-Onone";
				TARGETED_DEVICE_FAMILY = "1,2";
			};
			name = Debug;
		};
		13CF0E1C1C09ECC100715454 /* Release */ = {
			isa = XCBuildConfiguration;
			buildSettings = {
				ALWAYS_SEARCH_USER_PATHS = NO;
				CLANG_CXX_LANGUAGE_STANDARD = "gnu++0x";
				CLANG_CXX_LIBRARY = "libc++";
				CLANG_ENABLE_MODULES = YES;
				CLANG_ENABLE_OBJC_ARC = YES;
				CLANG_WARN_BOOL_CONVERSION = YES;
				CLANG_WARN_CONSTANT_CONVERSION = YES;
				CLANG_WARN_DIRECT_OBJC_ISA_USAGE = YES_ERROR;
				CLANG_WARN_EMPTY_BODY = YES;
				CLANG_WARN_ENUM_CONVERSION = YES;
				CLANG_WARN_INT_CONVERSION = YES;
				CLANG_WARN_OBJC_ROOT_CLASS = YES_ERROR;
				CLANG_WARN_UNREACHABLE_CODE = YES;
				CLANG_WARN__DUPLICATE_METHOD_MATCH = YES;
				"CODE_SIGN_IDENTITY[sdk=iphoneos*]" = "iPhone Developer";
				COPY_PHASE_STRIP = NO;
				DEBUG_INFORMATION_FORMAT = "dwarf-with-dsym";
				ENABLE_NS_ASSERTIONS = NO;
				ENABLE_STRICT_OBJC_MSGSEND = YES;
				GCC_C_LANGUAGE_STANDARD = gnu99;
				GCC_NO_COMMON_BLOCKS = YES;
				GCC_WARN_64_TO_32_BIT_CONVERSION = YES;
				GCC_WARN_ABOUT_RETURN_TYPE = YES_ERROR;
				GCC_WARN_UNDECLARED_SELECTOR = YES;
				GCC_WARN_UNINITIALIZED_AUTOS = YES_AGGRESSIVE;
				GCC_WARN_UNUSED_FUNCTION = YES;
				GCC_WARN_UNUSED_VARIABLE = YES;
				IPHONEOS_DEPLOYMENT_TARGET = 9.1;
				MTL_ENABLE_DEBUG_INFO = NO;
				SDKROOT = iphoneos;
				TARGETED_DEVICE_FAMILY = "1,2";
				VALIDATE_PRODUCT = YES;
			};
			name = Release;
		};
		13CF0E1E1C09ECC100715454 /* Debug */ = {
			isa = XCBuildConfiguration;
			baseConfigurationReference = 5364A31A3A4D8D2E0EEFE8FA /* Pods.debug.xcconfig */;
			buildSettings = {
				ASSETCATALOG_COMPILER_APPICON_NAME = AppIcon;
				INFOPLIST_FILE = myGymSwift/Info.plist;
				IPHONEOS_DEPLOYMENT_TARGET = 9.0;
				LD_RUNPATH_SEARCH_PATHS = "$(inherited) @executable_path/Frameworks";
				PRODUCT_BUNDLE_IDENTIFIER = julieng38.myGymSwift;
				PRODUCT_NAME = "$(TARGET_NAME)";
			};
			name = Debug;
		};
		13CF0E1F1C09ECC100715454 /* Release */ = {
			isa = XCBuildConfiguration;
			baseConfigurationReference = 624491330B4D7EBF762ECC2D /* Pods.release.xcconfig */;
			buildSettings = {
				ASSETCATALOG_COMPILER_APPICON_NAME = AppIcon;
				INFOPLIST_FILE = myGymSwift/Info.plist;
				IPHONEOS_DEPLOYMENT_TARGET = 9.0;
				LD_RUNPATH_SEARCH_PATHS = "$(inherited) @executable_path/Frameworks";
				PRODUCT_BUNDLE_IDENTIFIER = julieng38.myGymSwift;
				PRODUCT_NAME = "$(TARGET_NAME)";
			};
			name = Release;
		};
/* End XCBuildConfiguration section */

/* Begin XCConfigurationList section */
		13CF0E061C09ECC100715454 /* Build configuration list for PBXProject "myGymSwift" */ = {
			isa = XCConfigurationList;
			buildConfigurations = (
				13CF0E1B1C09ECC100715454 /* Debug */,
				13CF0E1C1C09ECC100715454 /* Release */,
			);
			defaultConfigurationIsVisible = 0;
			defaultConfigurationName = Release;
		};
		13CF0E1D1C09ECC100715454 /* Build configuration list for PBXNativeTarget "myGymSwift" */ = {
			isa = XCConfigurationList;
			buildConfigurations = (
				13CF0E1E1C09ECC100715454 /* Debug */,
				13CF0E1F1C09ECC100715454 /* Release */,
			);
			defaultConfigurationIsVisible = 0;
			defaultConfigurationName = Release;
		};
/* End XCConfigurationList section */
	};
	rootObject = 13CF0E031C09ECC100715454 /* Project object */;
}
